
Microsoft Visual Studio Solution File, Format Version 12.00
# Visual Studio Version 17
VisualStudioVersion = 17.7.34221.43
MinimumVisualStudioVersion = 10.0.40219.1
Project("{9A19103F-16F7-4668-BE54-9A1E7A4F7556}") = "MauiSampleLogin", "MauiSampleLogin\MauiSampleLogin.csproj", "{11A03091-01B1-4C57-9993-2A4D5AD276CD}"
EndProject
Project("{9A19103F-16F7-4668-BE54-9A1E7A4F7556}") = "MauiSampleLogin.Tests", "MauiSampleLogin.Tests\MauiSampleLogin.Tests.csproj", "{BB46BAA0-A81C-4563-B460-42548514BA5B}"
EndProject
Global
	GlobalSection(SolutionConfigurationPlatforms) = preSolution
		Debug|Any CPU = Debug|Any CPU
		Release|Any CPU = Release|Any CPU
	EndGlobalSection
	GlobalSection(ProjectConfigurationPlatforms) = postSolution
		{11A03091-01B1-4C57-9993-2A4D5AD276CD}.Debug|Any CPU.ActiveCfg = Debug|Any CPU
		{11A03091-01B1-4C57-9993-2A4D5AD276CD}.Debug|Any CPU.Build.0 = Debug|Any CPU
		{11A03091-01B1-4C57-9993-2A4D5AD276CD}.Debug|Any CPU.Deploy.0 = Debug|Any CPU
		{11A03091-01B1-4C57-9993-2A4D5AD276CD}.Release|Any CPU.ActiveCfg = Release|Any CPU
		{11A03091-01B1-4C57-9993-2A4D5AD276CD}.Release|Any CPU.Build.0 = Release|Any CPU
		{11A03091-01B1-4C57-9993-2A4D5AD276CD}.Release|Any CPU.Deploy.0 = Release|Any CPU
		{BB46BAA0-A81C-4563-B460-42548514BA5B}.Debug|Any CPU.ActiveCfg = Debug|Any CPU
		{BB46BAA0-A81C-4563-B460-42548514BA5B}.Debug|Any CPU.Build.0 = Debug|Any CPU
		{BB46BAA0-A81C-4563-B460-42548514BA5B}.Release|Any CPU.ActiveCfg = Release|Any CPU
		{BB46BAA0-A81C-4563-B460-42548514BA5B}.Release|Any CPU.Build.0 = Release|Any CPU
	EndGlobalSection
	GlobalSection(SolutionProperties) = preSolution
		HideSolutionNode = FALSE
	EndGlobalSection
	GlobalSection(ExtensibilityGlobals) = postSolution
		SolutionGuid = {8F038F7A-15A8-43BB-B96C-970106BF7700}
	EndGlobalSection
EndGlobal
